
Microsoft Visual Studio Solution File, Format Version 12.00
# Visual Studio Version 17
VisualStudioVersion = 17.5.002.0
MinimumVisualStudioVersion = 10.0.40219.1
Project("{9A19103F-16F7-4668-BE54-9A1E7A4F7556}") = "LuciansLusciousLasagna", "LuciansLusciousLasagna.csproj", "{E1F47936-4357-4D33-91CC-765BB475F20A}"
EndProject
Global
	GlobalSection(SolutionConfigurationPlatforms) = preSolution
		Debug|Any CPU = Debug|Any CPU
		Release|Any CPU = Release|Any CPU
	EndGlobalSection
	GlobalSection(ProjectConfigurationPlatforms) = postSolution
		{E1F47936-4357-4D33-91CC-765BB475F20A}.Debug|Any CPU.ActiveCfg = Debug|Any CPU
		{E1F47936-4357-4D33-91CC-765BB475F20A}.Debug|Any CPU.Build.0 = Debug|Any CPU
		{E1F47936-4357-4D33-91CC-765BB475F20A}.Release|Any CPU.ActiveCfg = Release|Any CPU
		{E1F47936-4357-4D33-91CC-765BB475F20A}.Release|Any CPU.Build.0 = Release|Any CPU
	EndGlobalSection
	GlobalSection(SolutionProperties) = preSolution
		HideSolutionNode = FALSE
	EndGlobalSection
	GlobalSection(ExtensibilityGlobals) = postSolution
		SolutionGuid = {25763DCF-8408-4909-9284-5ABD54AC84E7}
	EndGlobalSection
EndGlobal
